{
	"name": "waves-ride",
	"version": "1.1.1",
	"lockfileVersion": 2,
	"requires": true,
	"packages": {
		"": {
			"name": "waves-ride",
			"version": "1.1.1",
			"hasInstallScript": true,
			"license": "MIT",
			"dependencies": {
				"@waves/ride-js": "^2.2.2-beta.4",
				"vscode-languageserver-types": "^3.16.0"
			},
			"devDependencies": {
				"@types/mocha": "^5.2.0",
				"@types/node": "14.14.41",
				"typescript": "3.5.2"
			},
			"engines": {
				"vscode": "^1.23.0"
			}
		},
		"node_modules/@types/mocha": {
			"version": "5.2.5",
			"resolved": "https://registry.npmjs.org/@types/mocha/-/mocha-5.2.5.tgz",
			"integrity": "sha512-lAVp+Kj54ui/vLUFxsJTMtWvZraZxum3w3Nwkble2dNuV5VnPA+Mi2oGX9XYJAaIvZi3tn3cbjS/qcJXRb6Bww==",
			"dev": true
		},
		"node_modules/@types/node": {
			"version": "14.14.41",
			"resolved": "https://registry.npmjs.org/@types/node/-/node-14.14.41.tgz",
			"integrity": "sha512-dueRKfaJL4RTtSa7bWeTK1M+VH+Gns73oCgzvYfHZywRCoPSd8EkXBL0mZ9unPTveBn+D9phZBaxuzpwjWkW0g==",
			"dev": true
		},
		"node_modules/@waves/ride-js": {
			"version": "2.2.2-beta.4",
			"resolved": "https://registry.npmjs.org/@waves/ride-js/-/ride-js-2.2.2-beta.4.tgz",
			"integrity": "sha512-7UCSVSVjcDo9jKalfnUChv60TnN2Cp+1gReyLb7Mi6EHu7+D8RkVFOaKQMTOMSJUs1GfKcUkCZTOFbd9Ya1KvQ==",
			"dependencies": {
				"@waves/ts-lib-crypto": "^1.4.3",
				"axios": "^0.19.0"
			}
		},
		"node_modules/@waves/ts-lib-crypto": {
			"version": "1.4.3",
			"resolved": "https://registry.npmjs.org/@waves/ts-lib-crypto/-/ts-lib-crypto-1.4.3.tgz",
			"integrity": "sha512-2pKgyvtLapgM5vpaUEYzX7NYe2bkB+HdWn9W/4d7UFKwyg6zoOYhRQWyb6GuLi3OLHTETgiqpcMZvciFA0Ds6g==",
			"dependencies": {
				"js-sha3": "^0.8.0",
				"node-forge": "^0.8.5"
			}
		},
		"node_modules/axios": {
			"version": "0.19.2",
			"resolved": "https://registry.npmjs.org/axios/-/axios-0.19.2.tgz",
			"integrity": "sha512-fjgm5MvRHLhx+osE2xoekY70AhARk3a6hkN+3Io1jc00jtquGvxYlKlsFUhmUET0V5te6CcZI7lcv2Ym61mjHA==",
			"deprecated": "Critical security vulnerability fixed in v0.21.1. For more information, see https://github.com/axios/axios/pull/3410",
			"dependencies": {
				"follow-redirects": "1.5.10"
			}
		},
		"node_modules/debug": {
			"version": "3.1.0",
			"resolved": "https://registry.npmjs.org/debug/-/debug-3.1.0.tgz",
			"integrity": "sha512-OX8XqP7/1a9cqkxYw2yXss15f26NKWBpDXQd0/uK/KPqdQhxbPa994hnzjcE2VqQpDslf55723cKPUOGSmMY3g==",
			"dependencies": {
				"ms": "2.0.0"
			}
		},
		"node_modules/follow-redirects": {
			"version": "1.5.10",
			"resolved": "https://registry.npmjs.org/follow-redirects/-/follow-redirects-1.5.10.tgz",
			"integrity": "sha512-0V5l4Cizzvqt5D44aTXbFZz+FtyXV1vrDN6qrelxtfYQKW0KO0W2T/hkE8xvGa/540LkZlkaUjO4ailYTFtHVQ==",
			"dependencies": {
				"debug": "=3.1.0"
			},
			"engines": {
				"node": ">=4.0"
			}
		},
		"node_modules/js-sha3": {
			"version": "0.8.0",
			"resolved": "https://registry.npmjs.org/js-sha3/-/js-sha3-0.8.0.tgz",
			"integrity": "sha512-gF1cRrHhIzNfToc802P800N8PpXS+evLLXfsVpowqmAFR9uwbi89WvXg2QspOmXL8QL86J4T1EpFu+yUkwJY3Q=="
		},
		"node_modules/ms": {
			"version": "2.0.0",
			"resolved": "https://registry.npmjs.org/ms/-/ms-2.0.0.tgz",
			"integrity": "sha1-VgiurfwAvmwpAd9fmGF4jeDVl8g="
		},
		"node_modules/node-forge": {
			"version": "0.8.5",
			"resolved": "https://registry.npmjs.org/node-forge/-/node-forge-0.8.5.tgz",
			"integrity": "sha512-vFMQIWt+J/7FLNyKouZ9TazT74PRV3wgv9UT4cRjC8BffxFbKXkgIWR42URCPSnHm/QDz6BOlb2Q0U4+VQT67Q==",
			"engines": {
				"node": ">= 4.5.0"
			}
		},
		"node_modules/typescript": {
			"version": "3.5.2",
			"resolved": "https://registry.npmjs.org/typescript/-/typescript-3.5.2.tgz",
			"integrity": "sha512-7KxJovlYhTX5RaRbUdkAXN1KUZ8PwWlTzQdHV6xNqvuFOs7+WBo10TQUqT19Q/Jz2hk5v9TQDIhyLhhJY4p5AA==",
			"dev": true,
			"bin": {
				"tsc": "bin/tsc",
				"tsserver": "bin/tsserver"
			},
			"engines": {
				"node": ">=4.2.0"
			}
		},
		"node_modules/vscode-languageserver-types": {
			"version": "3.16.0",
			"resolved": "https://registry.npmjs.org/vscode-languageserver-types/-/vscode-languageserver-types-3.16.0.tgz",
			"integrity": "sha512-k8luDIWJWyenLc5ToFQQMaSrqCHiLwyKPHKPQZ5zz21vM+vIVUSvsRpcbiECH4WR88K2XZqc4ScRcZ7nk/jbeA=="
		}
	},
	"dependencies": {
		"@types/mocha": {
			"version": "5.2.5",
			"resolved": "https://registry.npmjs.org/@types/mocha/-/mocha-5.2.5.tgz",
			"integrity": "sha512-lAVp+Kj54ui/vLUFxsJTMtWvZraZxum3w3Nwkble2dNuV5VnPA+Mi2oGX9XYJAaIvZi3tn3cbjS/qcJXRb6Bww==",
			"dev": true
		},
		"@types/node": {
			"version": "14.14.41",
			"resolved": "https://registry.npmjs.org/@types/node/-/node-14.14.41.tgz",
			"integrity": "sha512-dueRKfaJL4RTtSa7bWeTK1M+VH+Gns73oCgzvYfHZywRCoPSd8EkXBL0mZ9unPTveBn+D9phZBaxuzpwjWkW0g==",
			"dev": true
		},
		"@waves/ride-js": {
			"version": "2.2.2-beta.4",
			"resolved": "https://registry.npmjs.org/@waves/ride-js/-/ride-js-2.2.2-beta.4.tgz",
			"integrity": "sha512-7UCSVSVjcDo9jKalfnUChv60TnN2Cp+1gReyLb7Mi6EHu7+D8RkVFOaKQMTOMSJUs1GfKcUkCZTOFbd9Ya1KvQ==",
			"requires": {
				"@waves/ts-lib-crypto": "^1.4.3",
				"axios": "^0.19.0"
			}
		},
		"@waves/ts-lib-crypto": {
			"version": "1.4.3",
			"resolved": "https://registry.npmjs.org/@waves/ts-lib-crypto/-/ts-lib-crypto-1.4.3.tgz",
			"integrity": "sha512-2pKgyvtLapgM5vpaUEYzX7NYe2bkB+HdWn9W/4d7UFKwyg6zoOYhRQWyb6GuLi3OLHTETgiqpcMZvciFA0Ds6g==",
			"requires": {
				"js-sha3": "^0.8.0",
				"node-forge": "^0.8.5"
			}
		},
		"axios": {
			"version": "0.19.2",
			"resolved": "https://registry.npmjs.org/axios/-/axios-0.19.2.tgz",
			"integrity": "sha512-fjgm5MvRHLhx+osE2xoekY70AhARk3a6hkN+3Io1jc00jtquGvxYlKlsFUhmUET0V5te6CcZI7lcv2Ym61mjHA==",
			"requires": {
				"follow-redirects": "1.5.10"
			}
		},
		"debug": {
			"version": "3.1.0",
			"resolved": "https://registry.npmjs.org/debug/-/debug-3.1.0.tgz",
			"integrity": "sha512-OX8XqP7/1a9cqkxYw2yXss15f26NKWBpDXQd0/uK/KPqdQhxbPa994hnzjcE2VqQpDslf55723cKPUOGSmMY3g==",
			"requires": {
				"ms": "2.0.0"
			}
		},
		"follow-redirects": {
			"version": "1.5.10",
			"resolved": "https://registry.npmjs.org/follow-redirects/-/follow-redirects-1.5.10.tgz",
			"integrity": "sha512-0V5l4Cizzvqt5D44aTXbFZz+FtyXV1vrDN6qrelxtfYQKW0KO0W2T/hkE8xvGa/540LkZlkaUjO4ailYTFtHVQ==",
			"requires": {
				"debug": "=3.1.0"
			}
		},
		"js-sha3": {
			"version": "0.8.0",
			"resolved": "https://registry.npmjs.org/js-sha3/-/js-sha3-0.8.0.tgz",
			"integrity": "sha512-gF1cRrHhIzNfToc802P800N8PpXS+evLLXfsVpowqmAFR9uwbi89WvXg2QspOmXL8QL86J4T1EpFu+yUkwJY3Q=="
		},
		"ms": {
			"version": "2.0.0",
			"resolved": "https://registry.npmjs.org/ms/-/ms-2.0.0.tgz",
			"integrity": "sha1-VgiurfwAvmwpAd9fmGF4jeDVl8g="
		},
		"node-forge": {
			"version": "0.8.5",
			"resolved": "https://registry.npmjs.org/node-forge/-/node-forge-0.8.5.tgz",
			"integrity": "sha512-vFMQIWt+J/7FLNyKouZ9TazT74PRV3wgv9UT4cRjC8BffxFbKXkgIWR42URCPSnHm/QDz6BOlb2Q0U4+VQT67Q=="
		},
		"typescript": {
			"version": "3.5.2",
			"resolved": "https://registry.npmjs.org/typescript/-/typescript-3.5.2.tgz",
			"integrity": "sha512-7KxJovlYhTX5RaRbUdkAXN1KUZ8PwWlTzQdHV6xNqvuFOs7+WBo10TQUqT19Q/Jz2hk5v9TQDIhyLhhJY4p5AA==",
			"dev": true
		},
		"vscode-languageserver-types": {
			"version": "3.16.0",
			"resolved": "https://registry.npmjs.org/vscode-languageserver-types/-/vscode-languageserver-types-3.16.0.tgz",
			"integrity": "sha512-k8luDIWJWyenLc5ToFQQMaSrqCHiLwyKPHKPQZ5zz21vM+vIVUSvsRpcbiECH4WR88K2XZqc4ScRcZ7nk/jbeA=="
		}
	}
}
