{
	"name": "waves-ride",
	"version": "1.4.1",
	"lockfileVersion": 2,
	"requires": true,
	"packages": {
		"": {
			"name": "waves-ride",
			"version": "1.4.1",
			"hasInstallScript": true,
			"license": "MIT",
			"dependencies": {
				"vscode-languageserver-types": "^3.12.0"
			},
			"devDependencies": {
				"@types/mocha": "^5.2.0",
				"@types/node": "^15.14.0",
				"typescript": "3.9.10"
			},
			"engines": {
				"vscode": "^1.23.0"
			}
		},
		"node_modules/@types/mocha": {
			"version": "5.2.5",
			"resolved": "https://registry.npmjs.org/@types/mocha/-/mocha-5.2.5.tgz",
			"integrity": "sha512-lAVp+Kj54ui/vLUFxsJTMtWvZraZxum3w3Nwkble2dNuV5VnPA+Mi2oGX9XYJAaIvZi3tn3cbjS/qcJXRb6Bww==",
			"dev": true
		},
		"node_modules/@types/node": {
			"version": "15.14.0",
			"resolved": "https://registry.npmjs.org/@types/node/-/node-15.14.0.tgz",
			"integrity": "sha512-um/+/ip3QZmwLfIkWZSNtQIJNVAqrJ92OkLMeuZrjZMTAJniI7fh8N8OICyDhAJ2mzgk/fmYFo72jRr5HyZ1EQ==",
			"dev": true
		},
		"node_modules/typescript": {
			"version": "3.9.10",
			"resolved": "https://registry.npmjs.org/typescript/-/typescript-3.9.10.tgz",
			"integrity": "sha512-w6fIxVE/H1PkLKcCPsFqKE7Kv7QUwhU8qQY2MueZXWx5cPZdwFupLgKK3vntcK98BtNHZtAF4LA/yl2a7k8R6Q==",
			"dev": true,
			"bin": {
				"tsc": "bin/tsc",
				"tsserver": "bin/tsserver"
			},
			"engines": {
				"node": ">=4.2.0"
			}
		},
		"node_modules/vscode-languageserver-types": {
			"version": "3.13.0",
			"resolved": "https://registry.npmjs.org/vscode-languageserver-types/-/vscode-languageserver-types-3.13.0.tgz",
			"integrity": "sha512-BnJIxS+5+8UWiNKCP7W3g9FlE7fErFw0ofP5BXJe7c2tl0VeWh+nNHFbwAS2vmVC4a5kYxHBjRy0UeOtziemVA=="
		}
	},
	"dependencies": {
		"@types/mocha": {
			"version": "5.2.5",
			"resolved": "https://registry.npmjs.org/@types/mocha/-/mocha-5.2.5.tgz",
			"integrity": "sha512-lAVp+Kj54ui/vLUFxsJTMtWvZraZxum3w3Nwkble2dNuV5VnPA+Mi2oGX9XYJAaIvZi3tn3cbjS/qcJXRb6Bww==",
			"dev": true
		},
		"@types/node": {
			"version": "15.14.0",
			"resolved": "https://registry.npmjs.org/@types/node/-/node-15.14.0.tgz",
			"integrity": "sha512-um/+/ip3QZmwLfIkWZSNtQIJNVAqrJ92OkLMeuZrjZMTAJniI7fh8N8OICyDhAJ2mzgk/fmYFo72jRr5HyZ1EQ==",
			"dev": true
		},
		"typescript": {
			"version": "3.9.10",
			"resolved": "https://registry.npmjs.org/typescript/-/typescript-3.9.10.tgz",
			"integrity": "sha512-w6fIxVE/H1PkLKcCPsFqKE7Kv7QUwhU8qQY2MueZXWx5cPZdwFupLgKK3vntcK98BtNHZtAF4LA/yl2a7k8R6Q==",
			"dev": true
		},
		"vscode-languageserver-types": {
			"version": "3.13.0",
			"resolved": "https://registry.npmjs.org/vscode-languageserver-types/-/vscode-languageserver-types-3.13.0.tgz",
			"integrity": "sha512-BnJIxS+5+8UWiNKCP7W3g9FlE7fErFw0ofP5BXJe7c2tl0VeWh+nNHFbwAS2vmVC4a5kYxHBjRy0UeOtziemVA=="
		}
	}
}
