{
	"name": "ride-language-server",
	"version": "0.0.2",
	"lockfileVersion": 1,
	"requires": true,
	"dependencies": {
		"@waves/ride-js": {
			"version": "0.14.0",
			"resolved": "https://registry.npmjs.org/@waves/ride-js/-/ride-js-0.14.0.tgz",
			"integrity": "sha512-ASb78uKdb1Jc03s69UDuN8Y3H7x1G/J/NiWNoKk0Suog41Et9d/URYwiFlKDR54dZDbUfPvnJyMYSMfw2Z2lcQ=="
		},
		"vscode-jsonrpc": {
			"version": "4.0.0",
			"resolved": "https://registry.npmjs.org/vscode-jsonrpc/-/vscode-jsonrpc-4.0.0.tgz",
			"integrity": "sha512-perEnXQdQOJMTDFNv+UF3h1Y0z4iSiaN9jIlb0OqIYgosPCZGYh/MCUlkFtV2668PL69lRDO32hmvL2yiidUYg=="
		},
		"vscode-languageserver": {
			"version": "4.4.2",
			"resolved": "https://registry.npmjs.org/vscode-languageserver/-/vscode-languageserver-4.4.2.tgz",
			"integrity": "sha512-61y8Raevi9EigDgg9NelvT9cUAohiEbUl1LOwQQgOCAaNX62yKny/ddi0uC+FUTm4CzsjhBu+06R+vYgfCYReA==",
			"requires": {
				"vscode-languageserver-protocol": "^3.10.3",
				"vscode-uri": "^1.0.5"
			}
		},
		"vscode-languageserver-protocol": {
			"version": "3.13.0",
			"resolved": "https://registry.npmjs.org/vscode-languageserver-protocol/-/vscode-languageserver-protocol-3.13.0.tgz",
			"integrity": "sha512-2ZGKwI+P2ovQll2PGAp+2UfJH+FK9eait86VBUdkPd9HRlm8e58aYT9pV/NYanHOcp3pL6x2yTLVCFMcTer0mg==",
			"requires": {
				"vscode-jsonrpc": "^4.0.0",
				"vscode-languageserver-types": "3.13.0"
			}
		},
		"vscode-languageserver-types": {
			"version": "3.13.0",
			"resolved": "https://registry.npmjs.org/vscode-languageserver-types/-/vscode-languageserver-types-3.13.0.tgz",
			"integrity": "sha512-BnJIxS+5+8UWiNKCP7W3g9FlE7fErFw0ofP5BXJe7c2tl0VeWh+nNHFbwAS2vmVC4a5kYxHBjRy0UeOtziemVA=="
		},
		"vscode-uri": {
			"version": "1.0.6",
			"resolved": "https://registry.npmjs.org/vscode-uri/-/vscode-uri-1.0.6.tgz",
			"integrity": "sha512-sLI2L0uGov3wKVb9EB+vIQBl9tVP90nqRvxSoJ35vI3NjxE8jfsE5DSOhWgSunHSZmKS4OCi2jrtfxK7uyp2ww=="
		}
	}
}
