{
	"name": "@waves/ride-language-server",
	"version": "1.0.1-beta.1",
	"lockfileVersion": 2,
	"requires": true,
	"packages": {
		"": {
			"name": "@waves/ride-language-server",
			"version": "1.0.1-beta.1",
			"license": "MIT",
			"dependencies": {
				"@waves/ride-js": "^2.1.1-beta.3",
				"vscode-languageserver": "4.1.3",
				"vscode-languageserver-protocol": "3.13.0"
			},
			"engines": {
				"node": "*"
			}
		},
		"node_modules/@waves/ride-js": {
			"version": "2.1.1-beta.3",
			"resolved": "https://registry.npmjs.org/@waves/ride-js/-/ride-js-2.1.1-beta.3.tgz",
			"integrity": "sha512-W4Ag/JIZMlz/g3cCUsz7S0Evx3nvUK1rgqJqJfWkXiIABDCGPnnHspAF2YVSzcbv7wMbbDPpO/HG+WONRs1kZw==",
			"dependencies": {
				"@waves/ts-lib-crypto": "^1.4.4-beta.1",
				"axios": "^0.21.1"
			}
		},
		"node_modules/@waves/ts-lib-crypto": {
			"version": "1.4.4-beta.1",
			"resolved": "https://registry.npmjs.org/@waves/ts-lib-crypto/-/ts-lib-crypto-1.4.4-beta.1.tgz",
			"integrity": "sha512-tlvThkMCoCDicOznW82wDZWQqfAWcm6ulQnuNzR++X9o0EOHM3Cj8LlS2pkgF0YjZrqEYHTp/4e0RXXYVY+dpw==",
			"dependencies": {
				"js-sha3": "^0.8.0",
				"node-forge": "^0.10.0"
			}
		},
		"node_modules/axios": {
			"version": "0.21.1",
			"license": "MIT",
			"dependencies": {
				"follow-redirects": "^1.10.0"
			}
		},
		"node_modules/follow-redirects": {
			"version": "1.13.3",
			"funding": [
				{
					"type": "individual",
					"url": "https://github.com/sponsors/RubenVerborgh"
				}
			],
			"license": "MIT",
			"engines": {
				"node": ">=4.0"
			},
			"peerDependenciesMeta": {
				"debug": {
					"optional": true
				}
			}
		},
		"node_modules/js-sha3": {
			"version": "0.8.0",
			"license": "MIT"
		},
		"node_modules/node-forge": {
			"version": "0.10.0",
			"license": "(BSD-3-Clause OR GPL-2.0)",
			"engines": {
				"node": ">= 6.0.0"
			}
		},
		"node_modules/vscode-jsonrpc": {
			"version": "4.0.0",
			"license": "MIT",
			"engines": {
				"node": ">=8.0.0 || >=10.0.0"
			}
		},
		"node_modules/vscode-languageserver": {
			"version": "4.1.3",
			"license": "MIT",
			"dependencies": {
				"vscode-languageserver-protocol": "^3.7.2",
				"vscode-uri": "^1.0.1"
			},
			"bin": {
				"installServerIntoExtension": "bin/installServerIntoExtension"
			}
		},
		"node_modules/vscode-languageserver-protocol": {
			"version": "3.13.0",
			"license": "MIT",
			"dependencies": {
				"vscode-jsonrpc": "^4.0.0",
				"vscode-languageserver-types": "3.13.0"
			}
		},
		"node_modules/vscode-languageserver-types": {
			"version": "3.13.0",
			"license": "MIT"
		},
		"node_modules/vscode-uri": {
			"version": "1.0.8",
			"license": "MIT"
		}
	},
	"dependencies": {
		"@waves/ride-js": {
			"version": "2.1.1-beta.3",
			"resolved": "https://registry.npmjs.org/@waves/ride-js/-/ride-js-2.1.1-beta.3.tgz",
			"integrity": "sha512-W4Ag/JIZMlz/g3cCUsz7S0Evx3nvUK1rgqJqJfWkXiIABDCGPnnHspAF2YVSzcbv7wMbbDPpO/HG+WONRs1kZw==",
			"requires": {
				"@waves/ts-lib-crypto": "^1.4.4-beta.1",
				"axios": "^0.21.1"
			}
		},
		"@waves/ts-lib-crypto": {
			"version": "1.4.4-beta.1",
			"resolved": "https://registry.npmjs.org/@waves/ts-lib-crypto/-/ts-lib-crypto-1.4.4-beta.1.tgz",
			"integrity": "sha512-tlvThkMCoCDicOznW82wDZWQqfAWcm6ulQnuNzR++X9o0EOHM3Cj8LlS2pkgF0YjZrqEYHTp/4e0RXXYVY+dpw==",
			"requires": {
				"js-sha3": "^0.8.0",
				"node-forge": "^0.10.0"
			}
		},
		"axios": {
			"version": "0.21.1",
			"requires": {
				"follow-redirects": "^1.10.0"
			}
		},
		"follow-redirects": {
			"version": "1.13.3"
		},
		"js-sha3": {
			"version": "0.8.0"
		},
		"node-forge": {
			"version": "0.10.0"
		},
		"vscode-jsonrpc": {
			"version": "4.0.0"
		},
		"vscode-languageserver": {
			"version": "4.1.3",
			"requires": {
				"vscode-languageserver-protocol": "^3.7.2",
				"vscode-uri": "^1.0.1"
			}
		},
		"vscode-languageserver-protocol": {
			"version": "3.13.0",
			"requires": {
				"vscode-jsonrpc": "^4.0.0",
				"vscode-languageserver-types": "3.13.0"
			}
		},
		"vscode-languageserver-types": {
			"version": "3.13.0"
		},
		"vscode-uri": {
			"version": "1.0.8"
		}
	}
}
